
Microsoft Visual Studio Solution File, Format Version 12.00
# Visual Studio Version 16
VisualStudioVersion = 16.0.30711.63
MinimumVisualStudioVersion = 10.0.40219.1
Project("{FAE04EC0-301F-11D3-BF4B-00C04F79EFBC}") = "Presentacion", "Presentacion\Presentacion.csproj", "{E97943BA-8017-4942-ADD6-82719683577D}"
	ProjectSection(ProjectDependencies) = postProject
		{C4685A50-3568-4321-AFFF-1E11EE04CD87} = {C4685A50-3568-4321-AFFF-1E11EE04CD87}
	EndProjectSection
EndProject
Project("{FAE04EC0-301F-11D3-BF4B-00C04F79EFBC}") = "Datos", "Datos\Datos.csproj", "{42270E2D-ABBF-4F41-8AF2-D671470840B5}"
EndProject
Project("{FAE04EC0-301F-11D3-BF4B-00C04F79EFBC}") = "Logica", "Logica\Logica.csproj", "{C4685A50-3568-4321-AFFF-1E11EE04CD87}"
EndProject
Global
	GlobalSection(SolutionConfigurationPlatforms) = preSolution
		Debug|Any CPU = Debug|Any CPU
		Release|Any CPU = Release|Any CPU
	EndGlobalSection
	GlobalSection(ProjectConfigurationPlatforms) = postSolution
		{E97943BA-8017-4942-ADD6-82719683577D}.Debug|Any CPU.ActiveCfg = Debug|Any CPU
		{E97943BA-8017-4942-ADD6-82719683577D}.Debug|Any CPU.Build.0 = Debug|Any CPU
		{E97943BA-8017-4942-ADD6-82719683577D}.Release|Any CPU.ActiveCfg = Release|Any CPU
		{E97943BA-8017-4942-ADD6-82719683577D}.Release|Any CPU.Build.0 = Release|Any CPU
		{42270E2D-ABBF-4F41-8AF2-D671470840B5}.Debug|Any CPU.ActiveCfg = Debug|Any CPU
		{42270E2D-ABBF-4F41-8AF2-D671470840B5}.Debug|Any CPU.Build.0 = Debug|Any CPU
		{42270E2D-ABBF-4F41-8AF2-D671470840B5}.Release|Any CPU.ActiveCfg = Release|Any CPU
		{42270E2D-ABBF-4F41-8AF2-D671470840B5}.Release|Any CPU.Build.0 = Release|Any CPU
		{C4685A50-3568-4321-AFFF-1E11EE04CD87}.Debug|Any CPU.ActiveCfg = Debug|Any CPU
		{C4685A50-3568-4321-AFFF-1E11EE04CD87}.Debug|Any CPU.Build.0 = Debug|Any CPU
		{C4685A50-3568-4321-AFFF-1E11EE04CD87}.Release|Any CPU.ActiveCfg = Release|Any CPU
		{C4685A50-3568-4321-AFFF-1E11EE04CD87}.Release|Any CPU.Build.0 = Release|Any CPU
	EndGlobalSection
	GlobalSection(SolutionProperties) = preSolution
		HideSolutionNode = FALSE
	EndGlobalSection
	GlobalSection(ExtensibilityGlobals) = postSolution
		SolutionGuid = {8CDD3574-BA4D-465C-A6E7-B427DD96ABDB}
	EndGlobalSection
EndGlobal
